
Microsoft Visual Studio Solution File, Format Version 12.00
# Visual Studio Version 16
VisualStudioVersion = 16.0.32126.315
MinimumVisualStudioVersion = 10.0.40219.1
Project("{FAE04EC0-301F-11D3-BF4B-00C04F79EFBC}") = "Client", "Client.csproj", "{91B64BBA-E210-48D4-83FC-F4F5E3B8DF5A}"
EndProject
Global
	GlobalSection(SolutionConfigurationPlatforms) = preSolution
		Debug|Any CPU = Debug|Any CPU
		Release|Any CPU = Release|Any CPU
	EndGlobalSection
	GlobalSection(ProjectConfigurationPlatforms) = postSolution
		{91B64BBA-E210-48D4-83FC-F4F5E3B8DF5A}.Debug|Any CPU.ActiveCfg = Debug|Any CPU
		{91B64BBA-E210-48D4-83FC-F4F5E3B8DF5A}.Debug|Any CPU.Build.0 = Debug|Any CPU
		{91B64BBA-E210-48D4-83FC-F4F5E3B8DF5A}.Release|Any CPU.ActiveCfg = Release|Any CPU
		{91B64BBA-E210-48D4-83FC-F4F5E3B8DF5A}.Release|Any CPU.Build.0 = Release|Any CPU
	EndGlobalSection
	GlobalSection(SolutionProperties) = preSolution
		HideSolutionNode = FALSE
	EndGlobalSection
	GlobalSection(ExtensibilityGlobals) = postSolution
		SolutionGuid = {375C7A97-7FC0-4650-A00D-E9A3E42DE3E9}
	EndGlobalSection
EndGlobal
